
Microsoft Visual Studio Solution File, Format Version 12.00
# Visual Studio Version 17
VisualStudioVersion = 17.4.33205.214
MinimumVisualStudioVersion = 10.0.40219.1
Project("{8BC9CEB8-8B4A-11D0-8D11-00A0C91BC942}") = "DZ1", "DZ1.vcxproj", "{BC8E5931-1AFD-4AE8-B54A-CD827909FE36}"
EndProject
Global
	GlobalSection(SolutionConfigurationPlatforms) = preSolution
		Debug|x64 = Debug|x64
		Debug|x86 = Debug|x86
		Release|x64 = Release|x64
		Release|x86 = Release|x86
	EndGlobalSection
	GlobalSection(ProjectConfigurationPlatforms) = postSolution
		{BC8E5931-1AFD-4AE8-B54A-CD827909FE36}.Debug|x64.ActiveCfg = Debug|x64
		{BC8E5931-1AFD-4AE8-B54A-CD827909FE36}.Debug|x64.Build.0 = Debug|x64
		{BC8E5931-1AFD-4AE8-B54A-CD827909FE36}.Debug|x86.ActiveCfg = Debug|Win32
		{BC8E5931-1AFD-4AE8-B54A-CD827909FE36}.Debug|x86.Build.0 = Debug|Win32
		{BC8E5931-1AFD-4AE8-B54A-CD827909FE36}.Release|x64.ActiveCfg = Release|x64
		{BC8E5931-1AFD-4AE8-B54A-CD827909FE36}.Release|x64.Build.0 = Release|x64
		{BC8E5931-1AFD-4AE8-B54A-CD827909FE36}.Release|x86.ActiveCfg = Release|Win32
		{BC8E5931-1AFD-4AE8-B54A-CD827909FE36}.Release|x86.Build.0 = Release|Win32
	EndGlobalSection
	GlobalSection(SolutionProperties) = preSolution
		HideSolutionNode = FALSE
	EndGlobalSection
	GlobalSection(ExtensibilityGlobals) = postSolution
		SolutionGuid = {DF7A9D51-925C-4ABB-A9FE-0B8EDDB0F89C}
	EndGlobalSection
EndGlobal
